
Microsoft Visual Studio Solution File, Format Version 12.00
# Visual Studio 15
Project("{FAE04EC0-301F-11D3-BF4B-00C04F79EFBC}") = "Assembly-CSharp-firstpass", "Assembly-CSharp-firstpass.csproj", "{B9551BD9-41B7-84C0-06A0-CE1482D11939}"
EndProject
Project("{FAE04EC0-301F-11D3-BF4B-00C04F79EFBC}") = "Assembly-CSharp", "Assembly-CSharp.csproj", "{E1AF839A-82EC-6AD6-4F3D-587E4A5668DC}"
EndProject
Project("{FAE04EC0-301F-11D3-BF4B-00C04F79EFBC}") = "Assembly-CSharp-Editor-firstpass", "Assembly-CSharp-Editor-firstpass.csproj", "{974DC778-6E41-988C-E905-7573B39E2464}"
EndProject
Project("{FAE04EC0-301F-11D3-BF4B-00C04F79EFBC}") = "Assembly-CSharp-Editor", "Assembly-CSharp-Editor.csproj", "{38F1A22B-283A-674A-D4FD-6347161EA7E5}"
EndProject
Global
	GlobalSection(SolutionConfigurationPlatforms) = preSolution
		Debug|Any CPU = Debug|Any CPU
		Release|Any CPU = Release|Any CPU
	EndGlobalSection
	GlobalSection(ProjectConfigurationPlatforms) = postSolution
		{B9551BD9-41B7-84C0-06A0-CE1482D11939}.Debug|Any CPU.ActiveCfg = Debug|Any CPU
		{B9551BD9-41B7-84C0-06A0-CE1482D11939}.Debug|Any CPU.Build.0 = Debug|Any CPU
		{B9551BD9-41B7-84C0-06A0-CE1482D11939}.Release|Any CPU.ActiveCfg = Release|Any CPU
		{B9551BD9-41B7-84C0-06A0-CE1482D11939}.Release|Any CPU.Build.0 = Release|Any CPU
		{E1AF839A-82EC-6AD6-4F3D-587E4A5668DC}.Debug|Any CPU.ActiveCfg = Debug|Any CPU
		{E1AF839A-82EC-6AD6-4F3D-587E4A5668DC}.Debug|Any CPU.Build.0 = Debug|Any CPU
		{E1AF839A-82EC-6AD6-4F3D-587E4A5668DC}.Release|Any CPU.ActiveCfg = Release|Any CPU
		{E1AF839A-82EC-6AD6-4F3D-587E4A5668DC}.Release|Any CPU.Build.0 = Release|Any CPU
		{974DC778-6E41-988C-E905-7573B39E2464}.Debug|Any CPU.ActiveCfg = Debug|Any CPU
		{974DC778-6E41-988C-E905-7573B39E2464}.Debug|Any CPU.Build.0 = Debug|Any CPU
		{974DC778-6E41-988C-E905-7573B39E2464}.Release|Any CPU.ActiveCfg = Release|Any CPU
		{974DC778-6E41-988C-E905-7573B39E2464}.Release|Any CPU.Build.0 = Release|Any CPU
		{38F1A22B-283A-674A-D4FD-6347161EA7E5}.Debug|Any CPU.ActiveCfg = Debug|Any CPU
		{38F1A22B-283A-674A-D4FD-6347161EA7E5}.Debug|Any CPU.Build.0 = Debug|Any CPU
		{38F1A22B-283A-674A-D4FD-6347161EA7E5}.Release|Any CPU.ActiveCfg = Release|Any CPU
		{38F1A22B-283A-674A-D4FD-6347161EA7E5}.Release|Any CPU.Build.0 = Release|Any CPU
	EndGlobalSection
	GlobalSection(SolutionProperties) = preSolution
		HideSolutionNode = FALSE
	EndGlobalSection
EndGlobal
